
Microsoft Visual Studio Solution File, Format Version 12.00
# Visual Studio Version 16
VisualStudioVersion = 16.0.31112.23
MinimumVisualStudioVersion = 10.0.40219.1
Project("{FAE04EC0-301F-11D3-BF4B-00C04F79EFBC}") = "marketProject", "Aula04_ProjetoMercado\marketProject.csproj", "{0FE8CF02-04C4-43F6-826E-25F94A27BDBA}"
EndProject
Global
	GlobalSection(SolutionConfigurationPlatforms) = preSolution
		Debug|Any CPU = Debug|Any CPU
		Release|Any CPU = Release|Any CPU
	EndGlobalSection
	GlobalSection(ProjectConfigurationPlatforms) = postSolution
		{0FE8CF02-04C4-43F6-826E-25F94A27BDBA}.Debug|Any CPU.ActiveCfg = Debug|Any CPU
		{0FE8CF02-04C4-43F6-826E-25F94A27BDBA}.Debug|Any CPU.Build.0 = Debug|Any CPU
		{0FE8CF02-04C4-43F6-826E-25F94A27BDBA}.Release|Any CPU.ActiveCfg = Release|Any CPU
		{0FE8CF02-04C4-43F6-826E-25F94A27BDBA}.Release|Any CPU.Build.0 = Release|Any CPU
	EndGlobalSection
	GlobalSection(SolutionProperties) = preSolution
		HideSolutionNode = FALSE
	EndGlobalSection
	GlobalSection(ExtensibilityGlobals) = postSolution
		SolutionGuid = {D811BC97-C16F-4A50-9597-3A328C5A855A}
	EndGlobalSection
EndGlobal
